// !$*UTF8*$!
{
	archiveVersion = 1;
	classes = {
	};
	objectVersion = 60;
	objects = {

/* Begin PBXBuildFile section */
		2B9EF3C1324E496AB3B6E96A /* Assets.xcassets in Resources */ = {isa = PBXBuildFile; fileRef = CE4B0B7DA01144CD91C863D3 /* Assets.xcassets */; };
		BAFA3278374FD1C9FCC06D7B /* Fonts in Resources */ = {isa = PBXBuildFile; fileRef = 79FAFFB9B2AADEDB517FE4EF /* Fonts */; };
		E200B9041BA1978D42EFF55E /* Fonts in Resources */ = {isa = PBXBuildFile; fileRef = 79FAFFB9B2AADEDB517FE4EF /* Fonts */; };
		328C7D858BAA4A39B59ED745 /* DesignTokens.swift in Sources */ = {isa = PBXBuildFile; fileRef = A33698B9F9BB4AE4BDF69097 /* DesignTokens.swift */; };
		5B4D714E08E985C8B6585454 /* PlayfulTheme.swift in Sources */ = {isa = PBXBuildFile; fileRef = E8C6B61CE7B7508EC05E5944 /* PlayfulTheme.swift */; };
		CDD0658EE9F301E3F88CDB39 /* PlayfulComponents.swift in Sources */ = {isa = PBXBuildFile; fileRef = C30CB82FB9488E6512B08E66 /* PlayfulComponents.swift */; };
		4D61D7AB7BDE4E48BA084D4F /* NotificationEngine.swift in Sources */ = {isa = PBXBuildFile; fileRef = 698B8E0E53F145B783C464F9 /* NotificationEngine.swift */; };
		53F33AD45698499A81E9BD5D /* MenuBarLabel.swift in Sources */ = {isa = PBXBuildFile; fileRef = D39F041AC0894892922A9F90 /* MenuBarLabel.swift */; };
		60B15B0A00A24EE9A3EED2B1 /* SettingsView.swift in Sources */ = {isa = PBXBuildFile; fileRef = 07DBE9DE99AE4570ABDAA767 /* SettingsView.swift */; };
		69BE2128EB0F41ACBF84F636 /* AppState.swift in Sources */ = {isa = PBXBuildFile; fileRef = AD0B0219D0744A52A145A257 /* AppState.swift */; };
		A1B2C3D4E5F60718293A4B5C /* AppUpdater.swift in Sources */ = {isa = PBXBuildFile; fileRef = A1B2C3D4E5F60718293A4B5D /* AppUpdater.swift */; };
		C1D2E3F4A5B6C7D8E9F0A1B2 /* PowerMonitor.swift in Sources */ = {isa = PBXBuildFile; fileRef = C2D3E4F5A6B7C8D9E0F1A2B3 /* PowerMonitor.swift */; };
		6D0A86762E7646A0B0D33439 /* UsageCardView.swift in Sources */ = {isa = PBXBuildFile; fileRef = 270C84D9D514496BA99A010A /* UsageCardView.swift */; };
		86A371C31B9048C1BF2F59F8 /* PopoverView.swift in Sources */ = {isa = PBXBuildFile; fileRef = 3715D40A5AE0421A91C5BED0 /* PopoverView.swift */; };
		95F163B0444944EE8CCFFF1F /* ClaudeMeterCore in Frameworks */ = {isa = PBXBuildFile; productRef = 7C7F0222F61B410EB83CB0D4 /* ClaudeMeterCore */; };
		B39A8BBB94F64426BDF7E3C0 /* ClaudeMeterApp.swift in Sources */ = {isa = PBXBuildFile; fileRef = 262C9E3CBCA04E07BB465F9B /* ClaudeMeterApp.swift */; };
		B6F53F78A9174898AEA761F3 /* DiagnosticsView.swift in Sources */ = {isa = PBXBuildFile; fileRef = B5D38012F5D5476997394541 /* DiagnosticsView.swift */; };
		BA2F8E1B9C3D5E7F0A1B2C3D /* ClaudeMeterWidgetBundle.swift in Sources */ = {isa = PBXBuildFile; fileRef = AA2F8E1B9C3D5E7F0A1B2C3D /* ClaudeMeterWidgetBundle.swift */; };
		BB2F8E1B9C3D5E7F0A1B2C3D /* ClaudeMeterWidget.swift in Sources */ = {isa = PBXBuildFile; fileRef = AB2F8E1B9C3D5E7F0A1B2C3D /* ClaudeMeterWidget.swift */; };
		BC2F8E1B9C3D5E7F0A1B2C3D /* WidgetKit.framework in Frameworks */ = {isa = PBXBuildFile; fileRef = AE2F8E1B9C3D5E7F0A1B2C3D /* WidgetKit.framework */; };
		BD2F8E1B9C3D5E7F0A1B2C3D /* ClaudeMeterCore in Frameworks */ = {isa = PBXBuildFile; productRef = DA2F8E1B9C3D5E7F0A1B2C3D /* ClaudeMeterCore */; };
		BE2F8E1B9C3D5E7F0A1B2C3D /* ClaudeMeterWidgetExtension.appex in Embed Foundation Extensions */ = {isa = PBXBuildFile; fileRef = 9A2F8E1B9C3D5E7F0A1B2C3D /* ClaudeMeterWidgetExtension.appex */; settings = {ATTRIBUTES = (RemoveHeadersOnCopy, ); }; };
		BF2F8E1B9C3D5E7F0A1B2C3D /* WidgetKit.framework in Frameworks */ = {isa = PBXBuildFile; fileRef = AE2F8E1B9C3D5E7F0A1B2C3D /* WidgetKit.framework */; };
		H97A3B4C5D6E7F8A9B0C1D2E /* ClaudeAIKeychain.swift in Sources */ = {isa = PBXBuildFile; fileRef = H87A3B4C5D6E7F8A9B0C1D2E /* ClaudeAIKeychain.swift */; };
		C5D3E4F50617289AC2D3E4F5 /* Sparkle in Frameworks */ = {isa = PBXBuildFile; productRef = E4B2C3D5E6F7089AB1C2D3E4 /* Sparkle */; };
/* End PBXBuildFile section */

/* Begin PBXContainerItemProxy section */
		EB2F8E1B9C3D5E7F0A1B2C3D /* PBXContainerItemProxy */ = {
			isa = PBXContainerItemProxy;
			containerPortal = 1CDA7936E3BE4F1EBBBFEAED /* Project object */;
			proxyType = 1;
			remoteGlobalIDString = 4A2F8E1B9C3D5E7F0A1B2C3D;
			remoteInfo = ClaudeMeterWidgetExtension;
		};
/* End PBXContainerItemProxy section */

/* Begin PBXCopyFilesBuildPhase section */
		CD2F8E1B9C3D5E7F0A1B2C3D /* Embed Foundation Extensions */ = {
			isa = PBXCopyFilesBuildPhase;
			buildActionMask = 2147483647;
			dstPath = "";
			dstSubfolderSpec = 13;
			files = (
				BE2F8E1B9C3D5E7F0A1B2C3D /* ClaudeMeterWidgetExtension.appex in Embed Foundation Extensions */,
			);
			name = "Embed Foundation Extensions";
			runOnlyForDeploymentPostprocessing = 0;
		};
/* End PBXCopyFilesBuildPhase section */

/* Begin PBXFileReference section */
		0749BAC0888B4145ADF40C11 /* ClaudeMeter.entitlements */ = {isa = PBXFileReference; lastKnownFileType = text.plist.entitlements; path = ClaudeMeter.entitlements; sourceTree = "<group>"; };
		07DBE9DE99AE4570ABDAA767 /* SettingsView.swift */ = {isa = PBXFileReference; lastKnownFileType = sourcecode.swift; path = SettingsView.swift; sourceTree = "<group>"; };
		262C9E3CBCA04E07BB465F9B /* ClaudeMeterApp.swift */ = {isa = PBXFileReference; lastKnownFileType = sourcecode.swift; path = ClaudeMeterApp.swift; sourceTree = "<group>"; };
		270C84D9D514496BA99A010A /* UsageCardView.swift */ = {isa = PBXFileReference; lastKnownFileType = sourcecode.swift; path = UsageCardView.swift; sourceTree = "<group>"; };
		3715D40A5AE0421A91C5BED0 /* PopoverView.swift */ = {isa = PBXFileReference; lastKnownFileType = sourcecode.swift; path = PopoverView.swift; sourceTree = "<group>"; };
		40DFAAFE44CF4A3099E08168 /* ClaudeMeter.app */ = {isa = PBXFileReference; explicitFileType = wrapper.application; includeInIndex = 0; path = ClaudeMeter.app; sourceTree = BUILT_PRODUCTS_DIR; };
		698B8E0E53F145B783C464F9 /* NotificationEngine.swift */ = {isa = PBXFileReference; lastKnownFileType = sourcecode.swift; path = NotificationEngine.swift; sourceTree = "<group>"; };
		803E43377A64429FBFAFB75C /* Info.plist */ = {isa = PBXFileReference; lastKnownFileType = text.plist.xml; path = Info.plist; sourceTree = "<group>"; };
		9A2F8E1B9C3D5E7F0A1B2C3D /* ClaudeMeterWidgetExtension.appex */ = {isa = PBXFileReference; explicitFileType = "wrapper.app-extension"; includeInIndex = 0; path = ClaudeMeterWidgetExtension.appex; sourceTree = BUILT_PRODUCTS_DIR; };
		A33698B9F9BB4AE4BDF69097 /* DesignTokens.swift */ = {isa = PBXFileReference; lastKnownFileType = sourcecode.swift; path = DesignTokens.swift; sourceTree = "<group>"; };
		E8C6B61CE7B7508EC05E5944 /* PlayfulTheme.swift */ = {isa = PBXFileReference; lastKnownFileType = sourcecode.swift; path = PlayfulTheme.swift; sourceTree = "<group>"; };
		C30CB82FB9488E6512B08E66 /* PlayfulComponents.swift */ = {isa = PBXFileReference; lastKnownFileType = sourcecode.swift; path = PlayfulComponents.swift; sourceTree = "<group>"; };
		A1B2C3D4E5F60718293A4B5D /* AppUpdater.swift */ = {isa = PBXFileReference; lastKnownFileType = sourcecode.swift; path = AppUpdater.swift; sourceTree = "<group>"; };
		AA2F8E1B9C3D5E7F0A1B2C3D /* ClaudeMeterWidgetBundle.swift */ = {isa = PBXFileReference; lastKnownFileType = sourcecode.swift; path = ClaudeMeterWidgetBundle.swift; sourceTree = "<group>"; };
		AB2F8E1B9C3D5E7F0A1B2C3D /* ClaudeMeterWidget.swift */ = {isa = PBXFileReference; lastKnownFileType = sourcecode.swift; path = ClaudeMeterWidget.swift; sourceTree = "<group>"; };
		AC2F8E1B9C3D5E7F0A1B2C3D /* ClaudeMeterWidget.entitlements */ = {isa = PBXFileReference; lastKnownFileType = text.plist.entitlements; path = ClaudeMeterWidget.entitlements; sourceTree = "<group>"; };
		AD0B0219D0744A52A145A257 /* AppState.swift */ = {isa = PBXFileReference; lastKnownFileType = sourcecode.swift; path = AppState.swift; sourceTree = "<group>"; };
		C2D3E4F5A6B7C8D9E0F1A2B3 /* PowerMonitor.swift */ = {isa = PBXFileReference; lastKnownFileType = sourcecode.swift; path = PowerMonitor.swift; sourceTree = "<group>"; };
		AD2F8E1B9C3D5E7F0A1B2C3D /* ClaudeMeterWidget-Info.plist */ = {isa = PBXFileReference; lastKnownFileType = text.plist.xml; path = "ClaudeMeterWidget-Info.plist"; sourceTree = "<group>"; };
		AE2F8E1B9C3D5E7F0A1B2C3D /* WidgetKit.framework */ = {isa = PBXFileReference; lastKnownFileType = wrapper.framework; name = WidgetKit.framework; path = System/Library/Frameworks/WidgetKit.framework; sourceTree = SDKROOT; };
		B5D38012F5D5476997394541 /* DiagnosticsView.swift */ = {isa = PBXFileReference; lastKnownFileType = sourcecode.swift; path = DiagnosticsView.swift; sourceTree = "<group>"; };
		CE4B0B7DA01144CD91C863D3 /* Assets.xcassets */ = {isa = PBXFileReference; lastKnownFileType = folder.assetcatalog; path = Assets.xcassets; sourceTree = "<group>"; };
		79FAFFB9B2AADEDB517FE4EF /* Fonts */ = {isa = PBXFileReference; lastKnownFileType = folder; path = Fonts; sourceTree = "<group>"; };
		D39F041AC0894892922A9F90 /* MenuBarLabel.swift */ = {isa = PBXFileReference; lastKnownFileType = sourcecode.swift; path = MenuBarLabel.swift; sourceTree = "<group>"; };
		H87A3B4C5D6E7F8A9B0C1D2E /* ClaudeAIKeychain.swift */ = {isa = PBXFileReference; lastKnownFileType = sourcecode.swift; path = ClaudeAIKeychain.swift; sourceTree = "<group>"; };
/* End PBXFileReference section */

/* Begin PBXFrameworksBuildPhase section */
		297C3465C26646C69E74D316 /* Frameworks */ = {
			isa = PBXFrameworksBuildPhase;
			buildActionMask = 2147483647;
			files = (
				95F163B0444944EE8CCFFF1F /* ClaudeMeterCore in Frameworks */,
				BF2F8E1B9C3D5E7F0A1B2C3D /* WidgetKit.framework in Frameworks */,
				C5D3E4F50617289AC2D3E4F5 /* Sparkle in Frameworks */,
			);
			runOnlyForDeploymentPostprocessing = 0;
		};
		CB2F8E1B9C3D5E7F0A1B2C3D /* Frameworks */ = {
			isa = PBXFrameworksBuildPhase;
			buildActionMask = 2147483647;
			files = (
				BC2F8E1B9C3D5E7F0A1B2C3D /* WidgetKit.framework in Frameworks */,
				BD2F8E1B9C3D5E7F0A1B2C3D /* ClaudeMeterCore in Frameworks */,
			);
			runOnlyForDeploymentPostprocessing = 0;
		};
/* End PBXFrameworksBuildPhase section */

/* Begin PBXGroup section */
		0A02B602D5924ABE89324079 /* ClaudeMeter */ = {
			isa = PBXGroup;
			children = (
				262C9E3CBCA04E07BB465F9B /* ClaudeMeterApp.swift */,
				AD0B0219D0744A52A145A257 /* AppState.swift */,
				A1B2C3D4E5F60718293A4B5D /* AppUpdater.swift */,
				C2D3E4F5A6B7C8D9E0F1A2B3 /* PowerMonitor.swift */,
				A33698B9F9BB4AE4BDF69097 /* DesignTokens.swift */,
				E8C6B61CE7B7508EC05E5944 /* PlayfulTheme.swift */,
				C30CB82FB9488E6512B08E66 /* PlayfulComponents.swift */,
				D39F041AC0894892922A9F90 /* MenuBarLabel.swift */,
				3715D40A5AE0421A91C5BED0 /* PopoverView.swift */,
				270C84D9D514496BA99A010A /* UsageCardView.swift */,
				698B8E0E53F145B783C464F9 /* NotificationEngine.swift */,
				07DBE9DE99AE4570ABDAA767 /* SettingsView.swift */,
				B5D38012F5D5476997394541 /* DiagnosticsView.swift */,
				H87A3B4C5D6E7F8A9B0C1D2E /* ClaudeAIKeychain.swift */,
				CE4B0B7DA01144CD91C863D3 /* Assets.xcassets */,
				79FAFFB9B2AADEDB517FE4EF /* Fonts */,
				803E43377A64429FBFAFB75C /* Info.plist */,
				0749BAC0888B4145ADF40C11 /* ClaudeMeter.entitlements */,
			);
			path = ClaudeMeter;
			sourceTree = "<group>";
		};
		6065E92A9B9B40F79BC316EB /* Products */ = {
			isa = PBXGroup;
			children = (
				40DFAAFE44CF4A3099E08168 /* ClaudeMeter.app */,
				9A2F8E1B9C3D5E7F0A1B2C3D /* ClaudeMeterWidgetExtension.appex */,
			);
			name = Products;
			sourceTree = "<group>";
		};
		8A2F8E1B9C3D5E7F0A1B2C3D /* ClaudeMeterWidget */ = {
			isa = PBXGroup;
			children = (
				AA2F8E1B9C3D5E7F0A1B2C3D /* ClaudeMeterWidgetBundle.swift */,
				AB2F8E1B9C3D5E7F0A1B2C3D /* ClaudeMeterWidget.swift */,
				AC2F8E1B9C3D5E7F0A1B2C3D /* ClaudeMeterWidget.entitlements */,
				AD2F8E1B9C3D5E7F0A1B2C3D /* ClaudeMeterWidget-Info.plist */,
			);
			path = ClaudeMeterWidget;
			sourceTree = "<group>";
		};
		C73FB8EC9F04403297214A59 = {
			isa = PBXGroup;
			children = (
				0A02B602D5924ABE89324079 /* ClaudeMeter */,
				8A2F8E1B9C3D5E7F0A1B2C3D /* ClaudeMeterWidget */,
				6065E92A9B9B40F79BC316EB /* Products */,
			);
			sourceTree = "<group>";
		};
/* End PBXGroup section */

/* Begin PBXNativeTarget section */
		4A2F8E1B9C3D5E7F0A1B2C3D /* ClaudeMeterWidgetExtension */ = {
			isa = PBXNativeTarget;
			buildConfigurationList = 7A2F8E1B9C3D5E7F0A1B2C3D /* Build configuration list for PBXNativeTarget "ClaudeMeterWidgetExtension" */;
			buildPhases = (
				CA2F8E1B9C3D5E7F0A1B2C3D /* Sources */,
				CB2F8E1B9C3D5E7F0A1B2C3D /* Frameworks */,
				CC2F8E1B9C3D5E7F0A1B2C3D /* Resources */,
			);
			buildRules = (
			);
			dependencies = (
			);
			name = ClaudeMeterWidgetExtension;
			packageProductDependencies = (
				DA2F8E1B9C3D5E7F0A1B2C3D /* ClaudeMeterCore */,
			);
			productName = ClaudeMeterWidgetExtension;
			productReference = 9A2F8E1B9C3D5E7F0A1B2C3D /* ClaudeMeterWidgetExtension.appex */;
			productType = "com.apple.product-type.app-extension";
		};
		7586762935074FA98C4E69A3 /* ClaudeMeter */ = {
			isa = PBXNativeTarget;
			buildConfigurationList = 14572AB2DFFF4C44B3DAE212 /* Build configuration list for PBXNativeTarget "ClaudeMeter" */;
			buildPhases = (
				F3161CC73273480D836C5541 /* Sources */,
				297C3465C26646C69E74D316 /* Frameworks */,
				20A49485A74B42A49713D1EB /* Resources */,
				CD2F8E1B9C3D5E7F0A1B2C3D /* Embed Foundation Extensions */,
			);
			buildRules = (
			);
			dependencies = (
				EA2F8E1B9C3D5E7F0A1B2C3D /* PBXTargetDependency */,
			);
			name = ClaudeMeter;
			packageProductDependencies = (
				7C7F0222F61B410EB83CB0D4 /* ClaudeMeterCore */,
				E4B2C3D5E6F7089AB1C2D3E4 /* Sparkle */,
			);
			productName = ClaudeMeter;
			productReference = 40DFAAFE44CF4A3099E08168 /* ClaudeMeter.app */;
			productType = "com.apple.product-type.application";
		};
/* End PBXNativeTarget section */

/* Begin PBXProject section */
		1CDA7936E3BE4F1EBBBFEAED /* Project object */ = {
			isa = PBXProject;
			attributes = {
				BuildIndependentTargetsInParallel = 1;
				LastSwiftUpdateCheck = 1500;
				LastUpgradeCheck = 2630;
				TargetAttributes = {
					4A2F8E1B9C3D5E7F0A1B2C3D = {
						CreatedOnToolsVersion = 15.0;
					};
					7586762935074FA98C4E69A3 = {
						CreatedOnToolsVersion = 15.0;
					};
				};
			};
			buildConfigurationList = 6CB70557F21340CAB5D9CA1E /* Build configuration list for PBXProject "ClaudeMeter" */;
			compatibilityVersion = "Xcode 14.0";
			developmentRegion = en;
			hasScannedForEncodings = 0;
			knownRegions = (
				en,
				Base,
			);
			mainGroup = C73FB8EC9F04403297214A59;
			packageReferences = (
				A6DC290B185342ACB5499025 /* XCLocalSwiftPackageReference "ClaudeMeterCore" */,
				F3A1B2C4D5E60789A0B1C2D3 /* XCRemoteSwiftPackageReference "Sparkle" */,
			);
			productRefGroup = 6065E92A9B9B40F79BC316EB /* Products */;
			projectDirPath = "";
			projectRoot = "";
			targets = (
				7586762935074FA98C4E69A3 /* ClaudeMeter */,
				4A2F8E1B9C3D5E7F0A1B2C3D /* ClaudeMeterWidgetExtension */,
			);
		};
/* End PBXProject section */

/* Begin PBXResourcesBuildPhase section */
		20A49485A74B42A49713D1EB /* Resources */ = {
			isa = PBXResourcesBuildPhase;
			buildActionMask = 2147483647;
			files = (
				2B9EF3C1324E496AB3B6E96A /* Assets.xcassets in Resources */,
				BAFA3278374FD1C9FCC06D7B /* Fonts in Resources */,
			);
			runOnlyForDeploymentPostprocessing = 0;
		};
		CC2F8E1B9C3D5E7F0A1B2C3D /* Resources */ = {
			isa = PBXResourcesBuildPhase;
			buildActionMask = 2147483647;
			files = (
				E200B9041BA1978D42EFF55E /* Fonts in Resources */,
			);
			runOnlyForDeploymentPostprocessing = 0;
		};
/* End PBXResourcesBuildPhase section */

/* Begin PBXSourcesBuildPhase section */
		CA2F8E1B9C3D5E7F0A1B2C3D /* Sources */ = {
			isa = PBXSourcesBuildPhase;
			buildActionMask = 2147483647;
			files = (
				BA2F8E1B9C3D5E7F0A1B2C3D /* ClaudeMeterWidgetBundle.swift in Sources */,
				BB2F8E1B9C3D5E7F0A1B2C3D /* ClaudeMeterWidget.swift in Sources */,
			);
			runOnlyForDeploymentPostprocessing = 0;
		};
		F3161CC73273480D836C5541 /* Sources */ = {
			isa = PBXSourcesBuildPhase;
			buildActionMask = 2147483647;
			files = (
				B39A8BBB94F64426BDF7E3C0 /* ClaudeMeterApp.swift in Sources */,
				69BE2128EB0F41ACBF84F636 /* AppState.swift in Sources */,
				A1B2C3D4E5F60718293A4B5C /* AppUpdater.swift in Sources */,
				C1D2E3F4A5B6C7D8E9F0A1B2 /* PowerMonitor.swift in Sources */,
				328C7D858BAA4A39B59ED745 /* DesignTokens.swift in Sources */,
				5B4D714E08E985C8B6585454 /* PlayfulTheme.swift in Sources */,
				CDD0658EE9F301E3F88CDB39 /* PlayfulComponents.swift in Sources */,
				53F33AD45698499A81E9BD5D /* MenuBarLabel.swift in Sources */,
				86A371C31B9048C1BF2F59F8 /* PopoverView.swift in Sources */,
				6D0A86762E7646A0B0D33439 /* UsageCardView.swift in Sources */,
				4D61D7AB7BDE4E48BA084D4F /* NotificationEngine.swift in Sources */,
				60B15B0A00A24EE9A3EED2B1 /* SettingsView.swift in Sources */,
				B6F53F78A9174898AEA761F3 /* DiagnosticsView.swift in Sources */,
				H97A3B4C5D6E7F8A9B0C1D2E /* ClaudeAIKeychain.swift in Sources */,
			);
			runOnlyForDeploymentPostprocessing = 0;
		};
/* End PBXSourcesBuildPhase section */

/* Begin PBXTargetDependency section */
		EA2F8E1B9C3D5E7F0A1B2C3D /* PBXTargetDependency */ = {
			isa = PBXTargetDependency;
			target = 4A2F8E1B9C3D5E7F0A1B2C3D /* ClaudeMeterWidgetExtension */;
			targetProxy = EB2F8E1B9C3D5E7F0A1B2C3D /* PBXContainerItemProxy */;
		};
/* End PBXTargetDependency section */

/* Begin XCBuildConfiguration section */
		031AA42D28664161BCB87102 /* Debug */ = {
			isa = XCBuildConfiguration;
			buildSettings = {
				ALWAYS_SEARCH_USER_PATHS = NO;
				CLANG_ANALYZER_NONNULL = YES;
				CLANG_ANALYZER_NUMBER_OBJECT_CONVERSION = YES_AGGRESSIVE;
				CLANG_CXX_LANGUAGE_STANDARD = "gnu++20";
				CLANG_ENABLE_MODULES = YES;
				CLANG_ENABLE_OBJC_ARC = YES;
				CLANG_ENABLE_OBJC_WEAK = YES;
				CLANG_WARN_BLOCK_CAPTURE_AUTORELEASING = YES;
				CLANG_WARN_BOOL_CONVERSION = YES;
				CLANG_WARN_COMMA = YES;
				CLANG_WARN_CONSTANT_CONVERSION = YES;
				CLANG_WARN_DEPRECATED_OBJC_IMPLEMENTATIONS = YES;
				CLANG_WARN_DIRECT_OBJC_ISA_USAGE = YES_ERROR;
				CLANG_WARN_DOCUMENTATION_COMMENTS = YES;
				CLANG_WARN_EMPTY_BODY = YES;
				CLANG_WARN_ENUM_CONVERSION = YES;
				CLANG_WARN_INFINITE_RECURSION = YES;
				CLANG_WARN_INT_CONVERSION = YES;
				CLANG_WARN_NON_LITERAL_NULL_CONVERSION = YES;
				CLANG_WARN_OBJC_IMPLICIT_RETAIN_SELF = YES;
				CLANG_WARN_OBJC_LITERAL_CONVERSION = YES;
				CLANG_WARN_OBJC_ROOT_CLASS = YES_ERROR;
				CLANG_WARN_QUOTED_INCLUDE_IN_FRAMEWORK_HEADER = YES;
				CLANG_WARN_RANGE_LOOP_ANALYSIS = YES;
				CLANG_WARN_STRICT_PROTOTYPES = YES;
				CLANG_WARN_SUSPICIOUS_MOVE = YES;
				CLANG_WARN_UNGUARDED_AVAILABILITY = YES_AGGRESSIVE;
				CLANG_WARN_UNREACHABLE_CODE = YES;
				CLANG_WARN__DUPLICATE_METHOD_MATCH = YES;
				COPY_PHASE_STRIP = NO;
				DEAD_CODE_STRIPPING = YES;
				DEBUG_INFORMATION_FORMAT = dwarf;
				DEVELOPMENT_TEAM = 4L4SS26L9J;
				ENABLE_STRICT_OBJC_MSGSEND = YES;
				ENABLE_TESTABILITY = YES;
				ENABLE_USER_SCRIPT_SANDBOXING = YES;
				GCC_C_LANGUAGE_STANDARD = gnu17;
				GCC_DYNAMIC_NO_PIC = NO;
				GCC_NO_COMMON_BLOCKS = YES;
				GCC_OPTIMIZATION_LEVEL = 0;
				GCC_PREPROCESSOR_DEFINITIONS = (
					"DEBUG=1",
					"$(inherited)",
				);
				GCC_WARN_64_TO_32_BIT_CONVERSION = YES;
				GCC_WARN_ABOUT_RETURN_TYPE = YES_ERROR;
				GCC_WARN_UNDECLARED_SELECTOR = YES;
				GCC_WARN_UNINITIALIZED_AUTOS = YES_AGGRESSIVE;
				GCC_WARN_UNUSED_FUNCTION = YES;
				GCC_WARN_UNUSED_VARIABLE = YES;
				MACOSX_DEPLOYMENT_TARGET = 14.0;
				MTL_ENABLE_DEBUG_INFO = INCLUDE_SOURCE;
				MTL_FAST_MATH = YES;
				ONLY_ACTIVE_ARCH = YES;
				SDKROOT = macosx;
				STRING_CATALOG_GENERATE_SYMBOLS = YES;
				SWIFT_ACTIVE_COMPILATION_CONDITIONS = DEBUG;
				SWIFT_OPTIMIZATION_LEVEL = "-Onone";
			};
			name = Debug;
		};
		29F7C6F1032C4A15A374EA6B /* Release */ = {
			isa = XCBuildConfiguration;
			buildSettings = {
				ASSETCATALOG_COMPILER_APPICON_NAME = AppIcon;
				ASSETCATALOG_COMPILER_GLOBAL_ACCENT_COLOR_NAME = AccentColor;
				CODE_SIGN_ENTITLEMENTS = ClaudeMeter/ClaudeMeter.entitlements;
				CODE_SIGN_STYLE = Automatic;
				COMBINE_HIDPI_IMAGES = YES;
				CURRENT_PROJECT_VERSION = 59;
				DEAD_CODE_STRIPPING = YES;
				ENABLE_HARDENED_RUNTIME = YES;
				GENERATE_INFOPLIST_FILE = NO;
				INFOPLIST_FILE = ClaudeMeter/Info.plist;
				LD_RUNPATH_SEARCH_PATHS = (
					"$(inherited)",
					"@executable_path/../Frameworks",
				);
				MACOSX_DEPLOYMENT_TARGET = 14.0;
				MARKETING_VERSION = 1.3;
				PRODUCT_BUNDLE_IDENTIFIER = com.jewei.claudemeter;
				PRODUCT_NAME = "$(TARGET_NAME)";
				REGISTER_APP_GROUPS = YES;
				SDKROOT = macosx;
				SWIFT_EMIT_LOC_STRINGS = YES;
				SWIFT_VERSION = 6.0;
			};
			name = Release;
		};
		5A2F8E1B9C3D5E7F0A1B2C3D /* Debug */ = {
			isa = XCBuildConfiguration;
			buildSettings = {
				CODE_SIGN_ENTITLEMENTS = ClaudeMeterWidget/ClaudeMeterWidget.entitlements;
				CODE_SIGN_STYLE = Automatic;
				CURRENT_PROJECT_VERSION = 59;
				DEAD_CODE_STRIPPING = YES;
				GENERATE_INFOPLIST_FILE = NO;
				INFOPLIST_FILE = "ClaudeMeterWidget/ClaudeMeterWidget-Info.plist";
				LD_RUNPATH_SEARCH_PATHS = (
					"$(inherited)",
					"@executable_path/../../../Frameworks",
					"@executable_path/../../../../Frameworks",
				);
				MACOSX_DEPLOYMENT_TARGET = 14.0;
				MARKETING_VERSION = 1.3;
				PRODUCT_BUNDLE_IDENTIFIER = com.jewei.claudemeter.widget;
				PRODUCT_NAME = "$(TARGET_NAME)";
				REGISTER_APP_GROUPS = YES;
				SDKROOT = macosx;
				SKIP_INSTALL = YES;
				SWIFT_EMIT_LOC_STRINGS = YES;
				SWIFT_VERSION = 6.0;
			};
			name = Debug;
		};
		6A2F8E1B9C3D5E7F0A1B2C3D /* Release */ = {
			isa = XCBuildConfiguration;
			buildSettings = {
				CODE_SIGN_ENTITLEMENTS = ClaudeMeterWidget/ClaudeMeterWidget.entitlements;
				CODE_SIGN_STYLE = Automatic;
				CURRENT_PROJECT_VERSION = 59;
				DEAD_CODE_STRIPPING = YES;
				ENABLE_HARDENED_RUNTIME = YES;
				GENERATE_INFOPLIST_FILE = NO;
				INFOPLIST_FILE = "ClaudeMeterWidget/ClaudeMeterWidget-Info.plist";
				LD_RUNPATH_SEARCH_PATHS = (
					"$(inherited)",
					"@executable_path/../../../Frameworks",
					"@executable_path/../../../../Frameworks",
				);
				MACOSX_DEPLOYMENT_TARGET = 14.0;
				MARKETING_VERSION = 1.3;
				PRODUCT_BUNDLE_IDENTIFIER = com.jewei.claudemeter.widget;
				PRODUCT_NAME = "$(TARGET_NAME)";
				REGISTER_APP_GROUPS = YES;
				SDKROOT = macosx;
				SKIP_INSTALL = YES;
				SWIFT_EMIT_LOC_STRINGS = YES;
				SWIFT_VERSION = 6.0;
			};
			name = Release;
		};
		C42EB00409B74092B0DB1A05 /* Debug */ = {
			isa = XCBuildConfiguration;
			buildSettings = {
				ASSETCATALOG_COMPILER_APPICON_NAME = AppIcon;
				ASSETCATALOG_COMPILER_GLOBAL_ACCENT_COLOR_NAME = AccentColor;
				CODE_SIGN_ENTITLEMENTS = ClaudeMeter/ClaudeMeter.entitlements;
				CODE_SIGN_STYLE = Automatic;
				COMBINE_HIDPI_IMAGES = YES;
				CURRENT_PROJECT_VERSION = 59;
				DEAD_CODE_STRIPPING = YES;
				GENERATE_INFOPLIST_FILE = NO;
				INFOPLIST_FILE = ClaudeMeter/Info.plist;
				LD_RUNPATH_SEARCH_PATHS = (
					"$(inherited)",
					"@executable_path/../Frameworks",
				);
				MACOSX_DEPLOYMENT_TARGET = 14.0;
				MARKETING_VERSION = 1.3;
				PRODUCT_BUNDLE_IDENTIFIER = com.jewei.claudemeter;
				PRODUCT_NAME = "$(TARGET_NAME)";
				REGISTER_APP_GROUPS = YES;
				SDKROOT = macosx;
				SWIFT_EMIT_LOC_STRINGS = YES;
				SWIFT_VERSION = 6.0;
			};
			name = Debug;
		};
		EA493E0159E543DE956B93C2 /* Release */ = {
			isa = XCBuildConfiguration;
			buildSettings = {
				ALWAYS_SEARCH_USER_PATHS = NO;
				CLANG_ANALYZER_NONNULL = YES;
				CLANG_ANALYZER_NUMBER_OBJECT_CONVERSION = YES_AGGRESSIVE;
				CLANG_CXX_LANGUAGE_STANDARD = "gnu++20";
				CLANG_ENABLE_MODULES = YES;
				CLANG_ENABLE_OBJC_ARC = YES;
				CLANG_ENABLE_OBJC_WEAK = YES;
				CLANG_WARN_BLOCK_CAPTURE_AUTORELEASING = YES;
				CLANG_WARN_BOOL_CONVERSION = YES;
				CLANG_WARN_COMMA = YES;
				CLANG_WARN_CONSTANT_CONVERSION = YES;
				CLANG_WARN_DEPRECATED_OBJC_IMPLEMENTATIONS = YES;
				CLANG_WARN_DIRECT_OBJC_ISA_USAGE = YES_ERROR;
				CLANG_WARN_DOCUMENTATION_COMMENTS = YES;
				CLANG_WARN_EMPTY_BODY = YES;
				CLANG_WARN_ENUM_CONVERSION = YES;
				CLANG_WARN_INFINITE_RECURSION = YES;
				CLANG_WARN_INT_CONVERSION = YES;
				CLANG_WARN_NON_LITERAL_NULL_CONVERSION = YES;
				CLANG_WARN_OBJC_IMPLICIT_RETAIN_SELF = YES;
				CLANG_WARN_OBJC_LITERAL_CONVERSION = YES;
				CLANG_WARN_OBJC_ROOT_CLASS = YES_ERROR;
				CLANG_WARN_QUOTED_INCLUDE_IN_FRAMEWORK_HEADER = YES;
				CLANG_WARN_RANGE_LOOP_ANALYSIS = YES;
				CLANG_WARN_STRICT_PROTOTYPES = YES;
				CLANG_WARN_SUSPICIOUS_MOVE = YES;
				CLANG_WARN_UNGUARDED_AVAILABILITY = YES_AGGRESSIVE;
				CLANG_WARN_UNREACHABLE_CODE = YES;
				CLANG_WARN__DUPLICATE_METHOD_MATCH = YES;
				COPY_PHASE_STRIP = NO;
				DEAD_CODE_STRIPPING = YES;
				DEBUG_INFORMATION_FORMAT = "dwarf-with-dsym";
				DEVELOPMENT_TEAM = 4L4SS26L9J;
				ENABLE_NS_ASSERTIONS = NO;
				ENABLE_STRICT_OBJC_MSGSEND = YES;
				ENABLE_USER_SCRIPT_SANDBOXING = YES;
				GCC_C_LANGUAGE_STANDARD = gnu17;
				GCC_NO_COMMON_BLOCKS = YES;
				GCC_WARN_64_TO_32_BIT_CONVERSION = YES;
				GCC_WARN_ABOUT_RETURN_TYPE = YES_ERROR;
				GCC_WARN_UNDECLARED_SELECTOR = YES;
				GCC_WARN_UNINITIALIZED_AUTOS = YES_AGGRESSIVE;
				GCC_WARN_UNUSED_FUNCTION = YES;
				GCC_WARN_UNUSED_VARIABLE = YES;
				MACOSX_DEPLOYMENT_TARGET = 14.0;
				MTL_ENABLE_DEBUG_INFO = NO;
				MTL_FAST_MATH = YES;
				SDKROOT = macosx;
				STRING_CATALOG_GENERATE_SYMBOLS = YES;
				SWIFT_COMPILATION_MODE = wholemodule;
				SWIFT_OPTIMIZATION_LEVEL = "-O";
			};
			name = Release;
		};
/* End XCBuildConfiguration section */

/* Begin XCConfigurationList section */
		14572AB2DFFF4C44B3DAE212 /* Build configuration list for PBXNativeTarget "ClaudeMeter" */ = {
			isa = XCConfigurationList;
			buildConfigurations = (
				C42EB00409B74092B0DB1A05 /* Debug */,
				29F7C6F1032C4A15A374EA6B /* Release */,
			);
			defaultConfigurationIsVisible = 0;
			defaultConfigurationName = Release;
		};
		6CB70557F21340CAB5D9CA1E /* Build configuration list for PBXProject "ClaudeMeter" */ = {
			isa = XCConfigurationList;
			buildConfigurations = (
				031AA42D28664161BCB87102 /* Debug */,
				EA493E0159E543DE956B93C2 /* Release */,
			);
			defaultConfigurationIsVisible = 0;
			defaultConfigurationName = Release;
		};
		7A2F8E1B9C3D5E7F0A1B2C3D /* Build configuration list for PBXNativeTarget "ClaudeMeterWidgetExtension" */ = {
			isa = XCConfigurationList;
			buildConfigurations = (
				5A2F8E1B9C3D5E7F0A1B2C3D /* Debug */,
				6A2F8E1B9C3D5E7F0A1B2C3D /* Release */,
			);
			defaultConfigurationIsVisible = 0;
			defaultConfigurationName = Release;
		};
/* End XCConfigurationList section */

/* Begin XCRemoteSwiftPackageReference section */
		F3A1B2C4D5E60789A0B1C2D3 /* XCRemoteSwiftPackageReference "Sparkle" */ = {
			isa = XCRemoteSwiftPackageReference;
			repositoryURL = "https://github.com/sparkle-project/Sparkle";
			requirement = {
				kind = upToNextMinorVersion;
				minimumVersion = 2.9.3;
			};
		};
/* End XCRemoteSwiftPackageReference section */

/* Begin XCLocalSwiftPackageReference section */
		A6DC290B185342ACB5499025 /* XCLocalSwiftPackageReference "ClaudeMeterCore" */ = {
			isa = XCLocalSwiftPackageReference;
			relativePath = ClaudeMeterCore;
		};
/* End XCLocalSwiftPackageReference section */

/* Begin XCSwiftPackageProductDependency section */
		7C7F0222F61B410EB83CB0D4 /* ClaudeMeterCore */ = {
			isa = XCSwiftPackageProductDependency;
			package = A6DC290B185342ACB5499025 /* XCLocalSwiftPackageReference "ClaudeMeterCore" */;
			productName = ClaudeMeterCore;
		};
		DA2F8E1B9C3D5E7F0A1B2C3D /* ClaudeMeterCore */ = {
			isa = XCSwiftPackageProductDependency;
			package = A6DC290B185342ACB5499025 /* XCLocalSwiftPackageReference "ClaudeMeterCore" */;
			productName = ClaudeMeterCore;
		};
		E4B2C3D5E6F7089AB1C2D3E4 /* Sparkle */ = {
			isa = XCSwiftPackageProductDependency;
			package = F3A1B2C4D5E60789A0B1C2D3 /* XCRemoteSwiftPackageReference "Sparkle" */;
			productName = Sparkle;
		};
/* End XCSwiftPackageProductDependency section */
	};
	rootObject = 1CDA7936E3BE4F1EBBBFEAED /* Project object */;
}
